
Microsoft Visual Studio Solution File, Format Version 12.00
# Visual Studio Version 17
VisualStudioVersion = 17.5.002.0
MinimumVisualStudioVersion = 10.0.40219.1
Project("{9A19103F-16F7-4668-BE54-9A1E7A4F7556}") = "Book-a-Table", "Book-a-Table.csproj", "{F8C911C4-8B60-4A9B-8D0D-0598ACA84C83}"
EndProject
Global
	GlobalSection(SolutionConfigurationPlatforms) = preSolution
		Debug|Any CPU = Debug|Any CPU
		Release|Any CPU = Release|Any CPU
	EndGlobalSection
	GlobalSection(ProjectConfigurationPlatforms) = postSolution
		{F8C911C4-8B60-4A9B-8D0D-0598ACA84C83}.Debug|Any CPU.ActiveCfg = Debug|Any CPU
		{F8C911C4-8B60-4A9B-8D0D-0598ACA84C83}.Debug|Any CPU.Build.0 = Debug|Any CPU
		{F8C911C4-8B60-4A9B-8D0D-0598ACA84C83}.Release|Any CPU.ActiveCfg = Release|Any CPU
		{F8C911C4-8B60-4A9B-8D0D-0598ACA84C83}.Release|Any CPU.Build.0 = Release|Any CPU
	EndGlobalSection
	GlobalSection(SolutionProperties) = preSolution
		HideSolutionNode = FALSE
	EndGlobalSection
	GlobalSection(ExtensibilityGlobals) = postSolution
		SolutionGuid = {F8C7921A-F0B3-4881-84E0-2C463B06FBB2}
	EndGlobalSection
EndGlobal
